{
  "name": "wheretopublish",
  "version": "1.0.0",
  "lockfileVersion": 3,
  "requires": true,
  "packages": {
    "": {
      "name": "wheretopublish",
      "version": "1.0.0",
      "license": "ISC",
      "dependencies": {
        "datatables.net": "^1.13.8",
        "datatables.net-buttons": "^2.4.2",
        "datatables.net-buttons-dt": "^2.4.2",
        "datatables.net-dt": "^1.13.8",
        "datatables.net-fixedheader": "^3.4.0",
        "datatables.net-fixedheader-dt": "^3.4.0",
        "datatables.net-responsive": "^2.5.0",
        "datatables.net-responsive-dt": "^2.5.0",
        "datatables.net-searchpanes": "^2.2.0",
        "datatables.net-searchpanes-dt": "^2.2.0",
        "datatables.net-staterestore": "^1.2.2",
        "datatables.net-staterestore-dt": "^1.2.2",
        "hint.css": "^3.0.0",
        "jquery": "^3.7.1"
      }
    },
    "node_modules/datatables.net": {
      "version": "1.13.11",
      "resolved": "https://registry.npmjs.org/datatables.net/-/datatables.net-1.13.11.tgz",
      "integrity": "sha512-AE6RkMXziRaqzPcu/pl3SJXeRa6fmXQG/fVjuRESujvkzqDCYEeKTTpPMuVJSGYJpPi32WGSphVNNY1G4nSN/g==",
      "license": "MIT",
      "dependencies": {
        "jquery": "1.8 - 4"
      }
    },
    "node_modules/datatables.net-buttons": {
      "version": "2.4.3",
      "resolved": "https://registry.npmjs.org/datatables.net-buttons/-/datatables.net-buttons-2.4.3.tgz",
      "integrity": "sha512-xoHD6I2kxnU/CEp97Ar0lSnAL1siucQ/5Q/otGWWfWE2VN0o4n5C2h2Ot/ZCS8kxbEHBGd873Bc2xPdJH87yOw==",
      "license": "MIT",
      "dependencies": {
        "datatables.net": "^1.13.0",
        "jquery": ">=1.7"
      }
    },
    "node_modules/datatables.net-buttons-dt": {
      "version": "2.4.3",
      "resolved": "https://registry.npmjs.org/datatables.net-buttons-dt/-/datatables.net-buttons-dt-2.4.3.tgz",
      "integrity": "sha512-yVQUzZscitNEKguUiDIuagWJroa3IuA8bxIJLvO75HyVC+H2q6ISGs8kXk7i4tLAhnqJvb6AsI6zSOsqJ0OS5g==",
      "license": "MIT",
      "dependencies": {
        "datatables.net-buttons": "2.4.3",
        "datatables.net-dt": "^1.13.0",
        "jquery": ">=1.7"
      }
    },
    "node_modules/datatables.net-dt": {
      "version": "1.13.11",
      "resolved": "https://registry.npmjs.org/datatables.net-dt/-/datatables.net-dt-1.13.11.tgz",
      "integrity": "sha512-4GpS4OFLwIMfhb5UdJh6bEnh0E52jIJOlx7KLKs1pSce/xpHjvcmucbUWNaEndQIpHXtIxmVPoqcDB0ZbiVB+A==",
      "license": "MIT",
      "dependencies": {
        "datatables.net": "1.13.11",
        "jquery": "1.8 - 4"
      }
    },
    "node_modules/datatables.net-fixedheader": {
      "version": "3.4.1",
      "resolved": "https://registry.npmjs.org/datatables.net-fixedheader/-/datatables.net-fixedheader-3.4.1.tgz",
      "integrity": "sha512-c9FJAShG5r8RJDIszWQvMFe6Ie+njfbHB9GhzOPjEF7zhbsMUQEkoYq1qW3ppOxY5psadDrT+D3f4iGM589u6w==",
      "license": "MIT",
      "dependencies": {
        "datatables.net": "^1.13.0",
        "jquery": ">=1.7"
      }
    },
    "node_modules/datatables.net-fixedheader-dt": {
      "version": "3.4.1",
      "resolved": "https://registry.npmjs.org/datatables.net-fixedheader-dt/-/datatables.net-fixedheader-dt-3.4.1.tgz",
      "integrity": "sha512-RXnjV4rbunTvzaceoR+SqdjHyYdwL/QrrxbImN/xQBiGDoeKWDbKWVTKzGJgJ3CGe6mYRzXBOOMNQ/cMdY8Xpg==",
      "license": "MIT",
      "dependencies": {
        "datatables.net-dt": "^1.13.0",
        "datatables.net-fixedheader": "3.4.1",
        "jquery": ">=1.7"
      }
    },
    "node_modules/datatables.net-responsive": {
      "version": "2.5.1",
      "resolved": "https://registry.npmjs.org/datatables.net-responsive/-/datatables.net-responsive-2.5.1.tgz",
      "integrity": "sha512-hyJb2faIzEWUX5Yn4HOSq/6NNB9SXDVbI4OU9ny+XU/2ghZEz4676spOgzpDHTdWvCfM+t1mbUsT70fDiTTr9w==",
      "license": "MIT",
      "dependencies": {
        "datatables.net": "^1.13.0",
        "jquery": ">=1.7"
      }
    },
    "node_modules/datatables.net-responsive-dt": {
      "version": "2.5.1",
      "resolved": "https://registry.npmjs.org/datatables.net-responsive-dt/-/datatables.net-responsive-dt-2.5.1.tgz",
      "integrity": "sha512-suFoSSb2v3Lj7B4aoSxdyVfRPYb89WtyxCdH46HkE9mFZ9sJoicazsTKOwpWdwxZ+JT3vae0b7bKM2lOpwYxFw==",
      "license": "MIT",
      "dependencies": {
        "datatables.net-dt": "^1.13.0",
        "datatables.net-responsive": "2.5.1",
        "jquery": ">=1.7"
      }
    },
    "node_modules/datatables.net-searchpanes": {
      "version": "2.3.5",
      "resolved": "https://registry.npmjs.org/datatables.net-searchpanes/-/datatables.net-searchpanes-2.3.5.tgz",
      "integrity": "sha512-e8c1IJULwqbPANfgFe3Nwlb+QGfeXPtIT348si95iQER94CcEbt0Eps9iA7Ql0IYm4sDlaHGt1Bdm6GjiqmzIA==",
      "license": "MIT",
      "dependencies": {
        "datatables.net": "^2",
        "jquery": ">=1.7"
      }
    },
    "node_modules/datatables.net-searchpanes-dt": {
      "version": "2.3.5",
      "resolved": "https://registry.npmjs.org/datatables.net-searchpanes-dt/-/datatables.net-searchpanes-dt-2.3.5.tgz",
      "integrity": "sha512-8mEP0mXdqCltPSSKH9DEl1CCdCutsj/xICpH4e5rMvuQRK9VxoQpS32zjXuLVj5fvB7qm8knMOEX2NWqDN+PAA==",
      "license": "MIT",
      "dependencies": {
        "datatables.net-dt": "^2",
        "datatables.net-searchpanes": "2.3.5",
        "jquery": ">=1.7"
      }
    },
    "node_modules/datatables.net-searchpanes-dt/node_modules/datatables.net": {
      "version": "2.3.5",
      "resolved": "https://registry.npmjs.org/datatables.net/-/datatables.net-2.3.5.tgz",
      "integrity": "sha512-Qrwc+vuw8GHo42u1usWTuriNAMW0VvLPSW3j8g3GxvatiD8wS/ZGW32VAYLLfmF4Hz0C/fo2KB3xZBfcpqqVTQ==",
      "license": "MIT",
      "dependencies": {
        "jquery": ">=1.7"
      }
    },
    "node_modules/datatables.net-searchpanes-dt/node_modules/datatables.net-dt": {
      "version": "2.3.5",
      "resolved": "https://registry.npmjs.org/datatables.net-dt/-/datatables.net-dt-2.3.5.tgz",
      "integrity": "sha512-JJkMNM03RUkv4jwAqyXsDHqUTEvti3+15466QiauzqRCmBOSwrHoglt1sRbvBwsv2isrCObp50JemgfG8R3wEQ==",
      "license": "MIT",
      "dependencies": {
        "datatables.net": "2.3.5",
        "jquery": ">=1.7"
      }
    },
    "node_modules/datatables.net-searchpanes/node_modules/datatables.net": {
      "version": "2.3.5",
      "resolved": "https://registry.npmjs.org/datatables.net/-/datatables.net-2.3.5.tgz",
      "integrity": "sha512-Qrwc+vuw8GHo42u1usWTuriNAMW0VvLPSW3j8g3GxvatiD8wS/ZGW32VAYLLfmF4Hz0C/fo2KB3xZBfcpqqVTQ==",
      "license": "MIT",
      "dependencies": {
        "jquery": ">=1.7"
      }
    },
    "node_modules/datatables.net-staterestore": {
      "version": "1.4.3",
      "resolved": "https://registry.npmjs.org/datatables.net-staterestore/-/datatables.net-staterestore-1.4.3.tgz",
      "integrity": "sha512-XSkCHwi+MZ8C5ZbZ1qlvIdIOs8YEJX4BVOk3GUMoSIta6xD4UsKTDV0SxfJWRYsNnDQwvCibQD0yJhK4Vk4xTw==",
      "license": "MIT",
      "dependencies": {
        "datatables.net": "1.11 - 2",
        "jquery": ">=1.7"
      }
    },
    "node_modules/datatables.net-staterestore-dt": {
      "version": "1.4.3",
      "resolved": "https://registry.npmjs.org/datatables.net-staterestore-dt/-/datatables.net-staterestore-dt-1.4.3.tgz",
      "integrity": "sha512-ZrwUg1DKQUUFEdsJ6/Id05GJYNBoIYXvMwJhyKWG4wORlxT32bf3CzdRr9I3c2iWFDDMRJzrdKM/THZFVG8LNQ==",
      "license": "MIT",
      "dependencies": {
        "datatables.net-dt": "1.11 - 2",
        "datatables.net-staterestore": "1.4.3",
        "jquery": ">=1.7"
      }
    },
    "node_modules/hint.css": {
      "version": "3.0.0",
      "resolved": "https://registry.npmjs.org/hint.css/-/hint.css-3.0.0.tgz",
      "integrity": "sha512-UoJ+yLO2kEcfsm/XMU1suAIR0sxCq4HO22pw4okJQo5TQDlA2BrJ57Eaxh4eT+9PDInIDTRm9TVzzbHHWEqASQ==",
      "license": "MIT"
    },
    "node_modules/jquery": {
      "version": "3.7.1",
      "resolved": "https://registry.npmjs.org/jquery/-/jquery-3.7.1.tgz",
      "integrity": "sha512-m4avr8yL8kmFN8psrbFFFmB/If14iN5o9nw/NgnnM+kybDJpRsAynV2BsfpTYrTRysYUdADVD7CkUUizgkpLfg==",
      "license": "MIT"
    }
  }
}
