{
  "name": "wheretopublish",
  "version": "1.0.0",
  "lockfileVersion": 3,
  "requires": true,
  "packages": {
    "": {
      "name": "wheretopublish",
      "version": "1.0.0",
      "license": "ISC",
      "dependencies": {
        "datatables.net": "latest",
        "datatables.net-buttons": "latest",
        "datatables.net-buttons-dt": "latest",
        "datatables.net-columncontrol": "latest",
        "datatables.net-columncontrol-dt": "latest",
        "datatables.net-dt": "latest",
        "datatables.net-fixedheader": "latest",
        "datatables.net-fixedheader-dt": "latest",
        "datatables.net-responsive": "latest",
        "datatables.net-responsive-dt": "latest",
        "datatables.net-scroller": "latest",
        "datatables.net-scroller-dt": "latest",
        "datatables.net-searchpanes": "latest",
        "datatables.net-searchpanes-dt": "latest",
        "datatables.net-staterestore": "latest",
        "datatables.net-staterestore-dt": "latest",
        "hint.css": "latest",
        "jquery": "latest"
      }
    },
    "node_modules/datatables.net": {
      "version": "2.3.5",
      "resolved": "https://registry.npmjs.org/datatables.net/-/datatables.net-2.3.5.tgz",
      "integrity": "sha512-Qrwc+vuw8GHo42u1usWTuriNAMW0VvLPSW3j8g3GxvatiD8wS/ZGW32VAYLLfmF4Hz0C/fo2KB3xZBfcpqqVTQ==",
      "license": "MIT",
      "dependencies": {
        "jquery": ">=1.7"
      }
    },
    "node_modules/datatables.net-buttons": {
      "version": "3.2.5",
      "resolved": "https://registry.npmjs.org/datatables.net-buttons/-/datatables.net-buttons-3.2.5.tgz",
      "integrity": "sha512-OSTl7evbfe0SMee11lyzu5iv/z8Yp05eh3s1QBte/FNqHcoXN8hlAVSSGpYgk5pj8zwHPYIu6fHeMEue4ARUNg==",
      "license": "MIT",
      "dependencies": {
        "datatables.net": "^2",
        "jquery": ">=1.7"
      }
    },
    "node_modules/datatables.net-buttons-dt": {
      "version": "3.2.5",
      "resolved": "https://registry.npmjs.org/datatables.net-buttons-dt/-/datatables.net-buttons-dt-3.2.5.tgz",
      "integrity": "sha512-u81m+Ea7RZwTUVq+YbXbxdJxTKeF9RT4Mf3u6LcDi0j2qbjolohRltJ8soaIObkAwTcRs5sv3cfgNdjLKDlylA==",
      "license": "MIT",
      "dependencies": {
        "datatables.net-buttons": "3.2.5",
        "datatables.net-dt": "^2",
        "jquery": ">=1.7"
      }
    },
    "node_modules/datatables.net-columncontrol": {
      "version": "1.1.1",
      "resolved": "https://registry.npmjs.org/datatables.net-columncontrol/-/datatables.net-columncontrol-1.1.1.tgz",
      "integrity": "sha512-naZ4qaVz3SiAl+cOT4fuXffHGE3lY50FinIUvr8D0MMbie0DI6WxYuOVI/Leq2ksMq/X3xjvlVxihr34prhYSg==",
      "license": "MIT",
      "dependencies": {
        "datatables.net": "^2.3.2"
      }
    },
    "node_modules/datatables.net-columncontrol-dt": {
      "version": "1.1.1",
      "resolved": "https://registry.npmjs.org/datatables.net-columncontrol-dt/-/datatables.net-columncontrol-dt-1.1.1.tgz",
      "integrity": "sha512-zukwIbejBcGnaa/AZI14wtca54AxBY9jqLx91kkBNdvMspplHWlejZNeEcGrl6m/lDwGQTwGFR9tENw+BV/Dsg==",
      "license": "MIT",
      "dependencies": {
        "datatables.net-columncontrol": "1.1.1",
        "datatables.net-dt": "^2.3.2"
      }
    },
    "node_modules/datatables.net-dt": {
      "version": "2.3.5",
      "resolved": "https://registry.npmjs.org/datatables.net-dt/-/datatables.net-dt-2.3.5.tgz",
      "integrity": "sha512-JJkMNM03RUkv4jwAqyXsDHqUTEvti3+15466QiauzqRCmBOSwrHoglt1sRbvBwsv2isrCObp50JemgfG8R3wEQ==",
      "license": "MIT",
      "dependencies": {
        "datatables.net": "2.3.5",
        "jquery": ">=1.7"
      }
    },
    "node_modules/datatables.net-fixedheader": {
      "version": "4.0.5",
      "resolved": "https://registry.npmjs.org/datatables.net-fixedheader/-/datatables.net-fixedheader-4.0.5.tgz",
      "integrity": "sha512-cobQhOhjzqIYXTvMRrHUulULS8Re+hd2mmgFiOGKcZwHV0mofIwBlgiU3Ol4LHikHUCvsGnTEXoI+C7Ozma5sA==",
      "license": "MIT",
      "dependencies": {
        "datatables.net": "^2",
        "jquery": ">=1.7"
      }
    },
    "node_modules/datatables.net-fixedheader-dt": {
      "version": "4.0.5",
      "resolved": "https://registry.npmjs.org/datatables.net-fixedheader-dt/-/datatables.net-fixedheader-dt-4.0.5.tgz",
      "integrity": "sha512-3f2ug+YMMBOW8rId1cSE7BFh/oHBUOFU6grUKMiluq5hrKSA9LLwUZfw3QUx2jIO1ciTL4x8B3a6kkwTChSzzQ==",
      "license": "MIT",
      "dependencies": {
        "datatables.net-dt": "^2",
        "datatables.net-fixedheader": "4.0.5",
        "jquery": ">=1.7"
      }
    },
    "node_modules/datatables.net-responsive": {
      "version": "3.0.7",
      "resolved": "https://registry.npmjs.org/datatables.net-responsive/-/datatables.net-responsive-3.0.7.tgz",
      "integrity": "sha512-MngWU41M1LDDMjKFJ3rAHc4Zb3QhOysDTh+TfKE1ycrh5dpnKa1vobw2MKMMbvbx4q05OXZY9jtLSPIkaJRsuw==",
      "license": "MIT",
      "dependencies": {
        "datatables.net": "^2",
        "jquery": ">=1.7"
      }
    },
    "node_modules/datatables.net-responsive-dt": {
      "version": "3.0.7",
      "resolved": "https://registry.npmjs.org/datatables.net-responsive-dt/-/datatables.net-responsive-dt-3.0.7.tgz",
      "integrity": "sha512-YTIVl4F6z+Rgk3v6z3oQWYc61Psu5dskIQTByUUEOK6Glqm7ybOq9vSfr+7xd7BjgUyduDC+9qRRpKPiQn6uXQ==",
      "license": "MIT",
      "dependencies": {
        "datatables.net-dt": "^2",
        "datatables.net-responsive": "3.0.7",
        "jquery": ">=1.7"
      }
    },
    "node_modules/datatables.net-scroller": {
      "version": "2.4.3",
      "resolved": "https://registry.npmjs.org/datatables.net-scroller/-/datatables.net-scroller-2.4.3.tgz",
      "integrity": "sha512-ce6Qa7ObGQmLJYvm6eMglf54L+01/Omn3N1pw7SiQjGYv8AKRRp1ex+U0NWmx3QaWp0iEeTnBaM4G6ay4juYZg==",
      "license": "MIT",
      "dependencies": {
        "datatables.net": "1.11 - 2",
        "jquery": ">=1.7"
      }
    },
    "node_modules/datatables.net-scroller-dt": {
      "version": "2.4.3",
      "resolved": "https://registry.npmjs.org/datatables.net-scroller-dt/-/datatables.net-scroller-dt-2.4.3.tgz",
      "integrity": "sha512-DDeQRPKHdv1I/5NGifpfW58bonq+bWFEBHNIsPOZW13ILzFimqOVnilS8nz6KtBY2NnX6K7Rj0bifZkvjh23KQ==",
      "license": "MIT",
      "dependencies": {
        "datatables.net-dt": "1.11 - 2",
        "datatables.net-scroller": "2.4.3",
        "jquery": ">=1.7"
      }
    },
    "node_modules/datatables.net-searchpanes": {
      "version": "2.3.5",
      "resolved": "https://registry.npmjs.org/datatables.net-searchpanes/-/datatables.net-searchpanes-2.3.5.tgz",
      "integrity": "sha512-e8c1IJULwqbPANfgFe3Nwlb+QGfeXPtIT348si95iQER94CcEbt0Eps9iA7Ql0IYm4sDlaHGt1Bdm6GjiqmzIA==",
      "license": "MIT",
      "dependencies": {
        "datatables.net": "^2",
        "jquery": ">=1.7"
      }
    },
    "node_modules/datatables.net-searchpanes-dt": {
      "version": "2.3.5",
      "resolved": "https://registry.npmjs.org/datatables.net-searchpanes-dt/-/datatables.net-searchpanes-dt-2.3.5.tgz",
      "integrity": "sha512-8mEP0mXdqCltPSSKH9DEl1CCdCutsj/xICpH4e5rMvuQRK9VxoQpS32zjXuLVj5fvB7qm8knMOEX2NWqDN+PAA==",
      "license": "MIT",
      "dependencies": {
        "datatables.net-dt": "^2",
        "datatables.net-searchpanes": "2.3.5",
        "jquery": ">=1.7"
      }
    },
    "node_modules/datatables.net-staterestore": {
      "version": "1.4.3",
      "resolved": "https://registry.npmjs.org/datatables.net-staterestore/-/datatables.net-staterestore-1.4.3.tgz",
      "integrity": "sha512-XSkCHwi+MZ8C5ZbZ1qlvIdIOs8YEJX4BVOk3GUMoSIta6xD4UsKTDV0SxfJWRYsNnDQwvCibQD0yJhK4Vk4xTw==",
      "license": "MIT",
      "dependencies": {
        "datatables.net": "1.11 - 2",
        "jquery": ">=1.7"
      }
    },
    "node_modules/datatables.net-staterestore-dt": {
      "version": "1.4.3",
      "resolved": "https://registry.npmjs.org/datatables.net-staterestore-dt/-/datatables.net-staterestore-dt-1.4.3.tgz",
      "integrity": "sha512-ZrwUg1DKQUUFEdsJ6/Id05GJYNBoIYXvMwJhyKWG4wORlxT32bf3CzdRr9I3c2iWFDDMRJzrdKM/THZFVG8LNQ==",
      "license": "MIT",
      "dependencies": {
        "datatables.net-dt": "1.11 - 2",
        "datatables.net-staterestore": "1.4.3",
        "jquery": ">=1.7"
      }
    },
    "node_modules/hint.css": {
      "version": "3.0.0",
      "resolved": "https://registry.npmjs.org/hint.css/-/hint.css-3.0.0.tgz",
      "integrity": "sha512-UoJ+yLO2kEcfsm/XMU1suAIR0sxCq4HO22pw4okJQo5TQDlA2BrJ57Eaxh4eT+9PDInIDTRm9TVzzbHHWEqASQ==",
      "license": "MIT"
    },
    "node_modules/jquery": {
      "version": "3.7.1",
      "resolved": "https://registry.npmjs.org/jquery/-/jquery-3.7.1.tgz",
      "integrity": "sha512-m4avr8yL8kmFN8psrbFFFmB/If14iN5o9nw/NgnnM+kybDJpRsAynV2BsfpTYrTRysYUdADVD7CkUUizgkpLfg==",
      "license": "MIT"
    }
  }
}
